
Microsoft Visual Studio Solution File, Format Version 12.00
# Visual Studio Version 16
VisualStudioVersion = 16.0.29519.87
MinimumVisualStudioVersion = 10.0.40219.1
Project("{FAE04EC0-301F-11D3-BF4B-00C04F79EFBC}") = "Lab3", "Lab3\Lab3.csproj", "{686ADC20-FFAB-45A1-9EBC-F21FBBA1C879}"
EndProject
Global
	GlobalSection(SolutionConfigurationPlatforms) = preSolution
		Debug|Any CPU = Debug|Any CPU
		Release|Any CPU = Release|Any CPU
	EndGlobalSection
	GlobalSection(ProjectConfigurationPlatforms) = postSolution
		{686ADC20-FFAB-45A1-9EBC-F21FBBA1C879}.Debug|Any CPU.ActiveCfg = Debug|Any CPU
		{686ADC20-FFAB-45A1-9EBC-F21FBBA1C879}.Debug|Any CPU.Build.0 = Debug|Any CPU
		{686ADC20-FFAB-45A1-9EBC-F21FBBA1C879}.Release|Any CPU.ActiveCfg = Release|Any CPU
		{686ADC20-FFAB-45A1-9EBC-F21FBBA1C879}.Release|Any CPU.Build.0 = Release|Any CPU
	EndGlobalSection
	GlobalSection(SolutionProperties) = preSolution
		HideSolutionNode = FALSE
	EndGlobalSection
	GlobalSection(ExtensibilityGlobals) = postSolution
		SolutionGuid = {CC225D63-46C6-4DFD-8F09-1ABD8D496750}
	EndGlobalSection
EndGlobal
